
Microsoft Visual Studio Solution File, Format Version 12.00
# Visual Studio Version 17
VisualStudioVersion = 17.5.33424.131
MinimumVisualStudioVersion = 10.0.40219.1
Project("{FAE04EC0-301F-11D3-BF4B-00C04F79EFBC}") = "tesste2", "tesste2\tesste2.csproj", "{B06B7C7F-8284-425F-9001-91DF5FA9D1BE}"
EndProject
Global
	GlobalSection(SolutionConfigurationPlatforms) = preSolution
		Debug|Any CPU = Debug|Any CPU
		Release|Any CPU = Release|Any CPU
	EndGlobalSection
	GlobalSection(ProjectConfigurationPlatforms) = postSolution
		{B06B7C7F-8284-425F-9001-91DF5FA9D1BE}.Debug|Any CPU.ActiveCfg = Debug|Any CPU
		{B06B7C7F-8284-425F-9001-91DF5FA9D1BE}.Debug|Any CPU.Build.0 = Debug|Any CPU
		{B06B7C7F-8284-425F-9001-91DF5FA9D1BE}.Release|Any CPU.ActiveCfg = Release|Any CPU
		{B06B7C7F-8284-425F-9001-91DF5FA9D1BE}.Release|Any CPU.Build.0 = Release|Any CPU
	EndGlobalSection
	GlobalSection(SolutionProperties) = preSolution
		HideSolutionNode = FALSE
	EndGlobalSection
	GlobalSection(ExtensibilityGlobals) = postSolution
		SolutionGuid = {AC5349DC-21C3-40AE-9078-EA735759D7E8}
	EndGlobalSection
EndGlobal
